
Microsoft Visual Studio Solution File, Format Version 11.00
# Visual Studio 2010
Project("{FAE04EC0-301F-11D3-BF4B-00C04F79EFBC}") = "Forex", "Forex\Forex.csproj", "{C7F64FD3-553C-4FCD-A43A-13EFBE3CDC21}"
EndProject
Global
	GlobalSection(SolutionConfigurationPlatforms) = preSolution
		Debug|x86 = Debug|x86
		Release|x86 = Release|x86
	EndGlobalSection
	GlobalSection(ProjectConfigurationPlatforms) = postSolution
		{C7F64FD3-553C-4FCD-A43A-13EFBE3CDC21}.Debug|x86.ActiveCfg = Debug|x86
		{C7F64FD3-553C-4FCD-A43A-13EFBE3CDC21}.Debug|x86.Build.0 = Debug|x86
		{C7F64FD3-553C-4FCD-A43A-13EFBE3CDC21}.Release|x86.ActiveCfg = Release|x86
		{C7F64FD3-553C-4FCD-A43A-13EFBE3CDC21}.Release|x86.Build.0 = Release|x86
	EndGlobalSection
	GlobalSection(SolutionProperties) = preSolution
		HideSolutionNode = FALSE
	EndGlobalSection
EndGlobal
